// !$*UTF8*$!
{
	archiveVersion = 1;
	classes = {
	};
	objectVersion = 55;
	objects = {

/* Begin PBXBuildFile section */
		5257C28127DC98C200701C47 /* SwiftUIPlayGroundApp.swift in Sources */ = {isa = PBXBuildFile; fileRef = 5257C28027DC98C200701C47 /* SwiftUIPlayGroundApp.swift */; };
		5257C28327DC98C200701C47 /* MainView.swift in Sources */ = {isa = PBXBuildFile; fileRef = 5257C28227DC98C200701C47 /* MainView.swift */; };
		5257C28527DC98C300701C47 /* Assets.xcassets in Resources */ = {isa = PBXBuildFile; fileRef = 5257C28427DC98C300701C47 /* Assets.xcassets */; };
		5257C28827DC98C300701C47 /* Preview Assets.xcassets in Resources */ = {isa = PBXBuildFile; fileRef = 5257C28727DC98C300701C47 /* Preview Assets.xcassets */; };
		5257C29227DC98C300701C47 /* SwiftUIPlayGroundTests.swift in Sources */ = {isa = PBXBuildFile; fileRef = 5257C29127DC98C300701C47 /* SwiftUIPlayGroundTests.swift */; };
		5257C29C27DC98C300701C47 /* SwiftUIPlayGroundUITests.swift in Sources */ = {isa = PBXBuildFile; fileRef = 5257C29B27DC98C300701C47 /* SwiftUIPlayGroundUITests.swift */; };
		5257C29E27DC98C300701C47 /* SwiftUIPlayGroundUITestsLaunchTests.swift in Sources */ = {isa = PBXBuildFile; fileRef = 5257C29D27DC98C300701C47 /* SwiftUIPlayGroundUITestsLaunchTests.swift */; };
		5257C2AB27DDD3D300701C47 /* Parchment.framework in Frameworks */ = {isa = PBXBuildFile; fileRef = 5257C2AA27DDD3D300701C47 /* Parchment.framework */; };
		5257C2AD27DDD55000701C47 /* TabPager.swift in Sources */ = {isa = PBXBuildFile; fileRef = 5257C2AC27DDD55000701C47 /* TabPager.swift */; };
		547E2FDE1E25C6917C6457A4 /* Pods_SwiftUIPlayGround_SwiftUIPlayGroundUITests.framework in Frameworks */ = {isa = PBXBuildFile; fileRef = 39B213D4663670757374E4E5 /* Pods_SwiftUIPlayGround_SwiftUIPlayGroundUITests.framework */; };
		5BB859944364725CEEA4F803 /* Pods_SwiftUIPlayGround.framework in Frameworks */ = {isa = PBXBuildFile; fileRef = C2785826D490F26E7881FEBE /* Pods_SwiftUIPlayGround.framework */; };
		6FFEFA5D382B1CD039387162 /* Pods_SwiftUIPlayGroundTests.framework in Frameworks */ = {isa = PBXBuildFile; fileRef = 4085D2D69544AA173245CD97 /* Pods_SwiftUIPlayGroundTests.framework */; };
/* End PBXBuildFile section */

/* Begin PBXContainerItemProxy section */
		5257C28E27DC98C300701C47 /* PBXContainerItemProxy */ = {
			isa = PBXContainerItemProxy;
			containerPortal = 5257C27527DC98C200701C47 /* Project object */;
			proxyType = 1;
			remoteGlobalIDString = 5257C27C27DC98C200701C47;
			remoteInfo = SwiftUIPlayGround;
		};
		5257C29827DC98C300701C47 /* PBXContainerItemProxy */ = {
			isa = PBXContainerItemProxy;
			containerPortal = 5257C27527DC98C200701C47 /* Project object */;
			proxyType = 1;
			remoteGlobalIDString = 5257C27C27DC98C200701C47;
			remoteInfo = SwiftUIPlayGround;
		};
/* End PBXContainerItemProxy section */

/* Begin PBXFileReference section */
		02E61C0000B73013B33EF2F1 /* Pods-SwiftUIPlayGroundTests.debug.xcconfig */ = {isa = PBXFileReference; includeInIndex = 1; lastKnownFileType = text.xcconfig; name = "Pods-SwiftUIPlayGroundTests.debug.xcconfig"; path = "Target Support Files/Pods-SwiftUIPlayGroundTests/Pods-SwiftUIPlayGroundTests.debug.xcconfig"; sourceTree = "<group>"; };
		201F310ABAC1437CCB211B62 /* Pods-SwiftUIPlayGround-SwiftUIPlayGroundUITests.debug.xcconfig */ = {isa = PBXFileReference; includeInIndex = 1; lastKnownFileType = text.xcconfig; name = "Pods-SwiftUIPlayGround-SwiftUIPlayGroundUITests.debug.xcconfig"; path = "Target Support Files/Pods-SwiftUIPlayGround-SwiftUIPlayGroundUITests/Pods-SwiftUIPlayGround-SwiftUIPlayGroundUITests.debug.xcconfig"; sourceTree = "<group>"; };
		39B213D4663670757374E4E5 /* Pods_SwiftUIPlayGround_SwiftUIPlayGroundUITests.framework */ = {isa = PBXFileReference; explicitFileType = wrapper.framework; includeInIndex = 0; path = Pods_SwiftUIPlayGround_SwiftUIPlayGroundUITests.framework; sourceTree = BUILT_PRODUCTS_DIR; };
		4085D2D69544AA173245CD97 /* Pods_SwiftUIPlayGroundTests.framework */ = {isa = PBXFileReference; explicitFileType = wrapper.framework; includeInIndex = 0; path = Pods_SwiftUIPlayGroundTests.framework; sourceTree = BUILT_PRODUCTS_DIR; };
		4F443ABEBC3D1F32A4413A1E /* Pods-SwiftUIPlayGround.debug.xcconfig */ = {isa = PBXFileReference; includeInIndex = 1; lastKnownFileType = text.xcconfig; name = "Pods-SwiftUIPlayGround.debug.xcconfig"; path = "Target Support Files/Pods-SwiftUIPlayGround/Pods-SwiftUIPlayGround.debug.xcconfig"; sourceTree = "<group>"; };
		5257C27D27DC98C200701C47 /* SwiftUIPlayGround.app */ = {isa = PBXFileReference; explicitFileType = wrapper.application; includeInIndex = 0; path = SwiftUIPlayGround.app; sourceTree = BUILT_PRODUCTS_DIR; };
		5257C28027DC98C200701C47 /* SwiftUIPlayGroundApp.swift */ = {isa = PBXFileReference; lastKnownFileType = sourcecode.swift; path = SwiftUIPlayGroundApp.swift; sourceTree = "<group>"; };
		5257C28227DC98C200701C47 /* MainView.swift */ = {isa = PBXFileReference; lastKnownFileType = sourcecode.swift; path = MainView.swift; sourceTree = "<group>"; };
		5257C28427DC98C300701C47 /* Assets.xcassets */ = {isa = PBXFileReference; lastKnownFileType = folder.assetcatalog; path = Assets.xcassets; sourceTree = "<group>"; };
		5257C28727DC98C300701C47 /* Preview Assets.xcassets */ = {isa = PBXFileReference; lastKnownFileType = folder.assetcatalog; path = "Preview Assets.xcassets"; sourceTree = "<group>"; };
		5257C28D27DC98C300701C47 /* SwiftUIPlayGroundTests.xctest */ = {isa = PBXFileReference; explicitFileType = wrapper.cfbundle; includeInIndex = 0; path = SwiftUIPlayGroundTests.xctest; sourceTree = BUILT_PRODUCTS_DIR; };
		5257C29127DC98C300701C47 /* SwiftUIPlayGroundTests.swift */ = {isa = PBXFileReference; lastKnownFileType = sourcecode.swift; path = SwiftUIPlayGroundTests.swift; sourceTree = "<group>"; };
		5257C29727DC98C300701C47 /* SwiftUIPlayGroundUITests.xctest */ = {isa = PBXFileReference; explicitFileType = wrapper.cfbundle; includeInIndex = 0; path = SwiftUIPlayGroundUITests.xctest; sourceTree = BUILT_PRODUCTS_DIR; };
		5257C29B27DC98C300701C47 /* SwiftUIPlayGroundUITests.swift */ = {isa = PBXFileReference; lastKnownFileType = sourcecode.swift; path = SwiftUIPlayGroundUITests.swift; sourceTree = "<group>"; };
		5257C29D27DC98C300701C47 /* SwiftUIPlayGroundUITestsLaunchTests.swift */ = {isa = PBXFileReference; lastKnownFileType = sourcecode.swift; path = SwiftUIPlayGroundUITestsLaunchTests.swift; sourceTree = "<group>"; };
		5257C2AA27DDD3D300701C47 /* Parchment.framework */ = {isa = PBXFileReference; explicitFileType = wrapper.framework; path = Parchment.framework; sourceTree = BUILT_PRODUCTS_DIR; };
		5257C2AC27DDD55000701C47 /* TabPager.swift */ = {isa = PBXFileReference; lastKnownFileType = sourcecode.swift; path = TabPager.swift; sourceTree = "<group>"; };
		9E3C94D65F574F1C104813B2 /* Pods-SwiftUIPlayGround.release.xcconfig */ = {isa = PBXFileReference; includeInIndex = 1; lastKnownFileType = text.xcconfig; name = "Pods-SwiftUIPlayGround.release.xcconfig"; path = "Target Support Files/Pods-SwiftUIPlayGround/Pods-SwiftUIPlayGround.release.xcconfig"; sourceTree = "<group>"; };
		B07284674C9830D6D83EB1A2 /* Pods-SwiftUIPlayGround-SwiftUIPlayGroundUITests.release.xcconfig */ = {isa = PBXFileReference; includeInIndex = 1; lastKnownFileType = text.xcconfig; name = "Pods-SwiftUIPlayGround-SwiftUIPlayGroundUITests.release.xcconfig"; path = "Target Support Files/Pods-SwiftUIPlayGround-SwiftUIPlayGroundUITests/Pods-SwiftUIPlayGround-SwiftUIPlayGroundUITests.release.xcconfig"; sourceTree = "<group>"; };
		C2785826D490F26E7881FEBE /* Pods_SwiftUIPlayGround.framework */ = {isa = PBXFileReference; explicitFileType = wrapper.framework; includeInIndex = 0; path = Pods_SwiftUIPlayGround.framework; sourceTree = BUILT_PRODUCTS_DIR; };
		E0068C0534F6253E3E454C66 /* Pods-SwiftUIPlayGroundTests.release.xcconfig */ = {isa = PBXFileReference; includeInIndex = 1; lastKnownFileType = text.xcconfig; name = "Pods-SwiftUIPlayGroundTests.release.xcconfig"; path = "Target Support Files/Pods-SwiftUIPlayGroundTests/Pods-SwiftUIPlayGroundTests.release.xcconfig"; sourceTree = "<group>"; };
/* End PBXFileReference section */

/* Begin PBXFrameworksBuildPhase section */
		5257C27A27DC98C200701C47 /* Frameworks */ = {
			isa = PBXFrameworksBuildPhase;
			buildActionMask = 2147483647;
			files = (
				5257C2AB27DDD3D300701C47 /* Parchment.framework in Frameworks */,
				5BB859944364725CEEA4F803 /* Pods_SwiftUIPlayGround.framework in Frameworks */,
			);
			runOnlyForDeploymentPostprocessing = 0;
		};
		5257C28A27DC98C300701C47 /* Frameworks */ = {
			isa = PBXFrameworksBuildPhase;
			buildActionMask = 2147483647;
			files = (
				6FFEFA5D382B1CD039387162 /* Pods_SwiftUIPlayGroundTests.framework in Frameworks */,
			);
			runOnlyForDeploymentPostprocessing = 0;
		};
		5257C29427DC98C300701C47 /* Frameworks */ = {
			isa = PBXFrameworksBuildPhase;
			buildActionMask = 2147483647;
			files = (
				547E2FDE1E25C6917C6457A4 /* Pods_SwiftUIPlayGround_SwiftUIPlayGroundUITests.framework in Frameworks */,
			);
			runOnlyForDeploymentPostprocessing = 0;
		};
/* End PBXFrameworksBuildPhase section */

/* Begin PBXGroup section */
		5257C27427DC98C200701C47 = {
			isa = PBXGroup;
			children = (
				5257C27F27DC98C200701C47 /* SwiftUIPlayGround */,
				5257C29027DC98C300701C47 /* SwiftUIPlayGroundTests */,
				5257C29A27DC98C300701C47 /* SwiftUIPlayGroundUITests */,
				5257C27E27DC98C200701C47 /* Products */,
				A9C04B4FDEB43A0C4A7C1062 /* Pods */,
				569D309B6A6306F54082D762 /* Frameworks */,
			);
			sourceTree = "<group>";
		};
		5257C27E27DC98C200701C47 /* Products */ = {
			isa = PBXGroup;
			children = (
				5257C27D27DC98C200701C47 /* SwiftUIPlayGround.app */,
				5257C28D27DC98C300701C47 /* SwiftUIPlayGroundTests.xctest */,
				5257C29727DC98C300701C47 /* SwiftUIPlayGroundUITests.xctest */,
			);
			name = Products;
			sourceTree = "<group>";
		};
		5257C27F27DC98C200701C47 /* SwiftUIPlayGround */ = {
			isa = PBXGroup;
			children = (
				5257C28027DC98C200701C47 /* SwiftUIPlayGroundApp.swift */,
				5257C2AE27DDD55F00701C47 /* View */,
				5257C28427DC98C300701C47 /* Assets.xcassets */,
				5257C28627DC98C300701C47 /* Preview Content */,
			);
			path = SwiftUIPlayGround;
			sourceTree = "<group>";
		};
		5257C28627DC98C300701C47 /* Preview Content */ = {
			isa = PBXGroup;
			children = (
				5257C28727DC98C300701C47 /* Preview Assets.xcassets */,
			);
			path = "Preview Content";
			sourceTree = "<group>";
		};
		5257C29027DC98C300701C47 /* SwiftUIPlayGroundTests */ = {
			isa = PBXGroup;
			children = (
				5257C29127DC98C300701C47 /* SwiftUIPlayGroundTests.swift */,
			);
			path = SwiftUIPlayGroundTests;
			sourceTree = "<group>";
		};
		5257C29A27DC98C300701C47 /* SwiftUIPlayGroundUITests */ = {
			isa = PBXGroup;
			children = (
				5257C29B27DC98C300701C47 /* SwiftUIPlayGroundUITests.swift */,
				5257C29D27DC98C300701C47 /* SwiftUIPlayGroundUITestsLaunchTests.swift */,
			);
			path = SwiftUIPlayGroundUITests;
			sourceTree = "<group>";
		};
		5257C2AE27DDD55F00701C47 /* View */ = {
			isa = PBXGroup;
			children = (
				5257C2B127DDD59500701C47 /* Extension */,
				5257C2B027DDD57F00701C47 /* Screen */,
				5257C2AF27DDD56C00701C47 /* Widget */,
			);
			path = View;
			sourceTree = "<group>";
		};
		5257C2AF27DDD56C00701C47 /* Widget */ = {
			isa = PBXGroup;
			children = (
			);
			path = Widget;
			sourceTree = "<group>";
		};
		5257C2B027DDD57F00701C47 /* Screen */ = {
			isa = PBXGroup;
			children = (
				5257C28227DC98C200701C47 /* MainView.swift */,
				5257C2AC27DDD55000701C47 /* TabPager.swift */,
			);
			path = Screen;
			sourceTree = "<group>";
		};
		5257C2B127DDD59500701C47 /* Extension */ = {
			isa = PBXGroup;
			children = (
			);
			path = Extension;
			sourceTree = "<group>";
		};
		569D309B6A6306F54082D762 /* Frameworks */ = {
			isa = PBXGroup;
			children = (
				5257C2AA27DDD3D300701C47 /* Parchment.framework */,
				C2785826D490F26E7881FEBE /* Pods_SwiftUIPlayGround.framework */,
				39B213D4663670757374E4E5 /* Pods_SwiftUIPlayGround_SwiftUIPlayGroundUITests.framework */,
				4085D2D69544AA173245CD97 /* Pods_SwiftUIPlayGroundTests.framework */,
			);
			name = Frameworks;
			sourceTree = "<group>";
		};
		A9C04B4FDEB43A0C4A7C1062 /* Pods */ = {
			isa = PBXGroup;
			children = (
				4F443ABEBC3D1F32A4413A1E /* Pods-SwiftUIPlayGround.debug.xcconfig */,
				9E3C94D65F574F1C104813B2 /* Pods-SwiftUIPlayGround.release.xcconfig */,
				201F310ABAC1437CCB211B62 /* Pods-SwiftUIPlayGround-SwiftUIPlayGroundUITests.debug.xcconfig */,
				B07284674C9830D6D83EB1A2 /* Pods-SwiftUIPlayGround-SwiftUIPlayGroundUITests.release.xcconfig */,
				02E61C0000B73013B33EF2F1 /* Pods-SwiftUIPlayGroundTests.debug.xcconfig */,
				E0068C0534F6253E3E454C66 /* Pods-SwiftUIPlayGroundTests.release.xcconfig */,
			);
			path = Pods;
			sourceTree = "<group>";
		};
/* End PBXGroup section */

/* Begin PBXNativeTarget section */
		5257C27C27DC98C200701C47 /* SwiftUIPlayGround */ = {
			isa = PBXNativeTarget;
			buildConfigurationList = 5257C2A127DC98C300701C47 /* Build configuration list for PBXNativeTarget "SwiftUIPlayGround" */;
			buildPhases = (
				F0AB5A922A9E54F2194292AE /* [CP] Check Pods Manifest.lock */,
				5257C27927DC98C200701C47 /* Sources */,
				5257C27A27DC98C200701C47 /* Frameworks */,
				5257C27B27DC98C200701C47 /* Resources */,
				255EFBC3EC9675BBAC668DD9 /* [CP] Embed Pods Frameworks */,
			);
			buildRules = (
			);
			dependencies = (
			);
			name = SwiftUIPlayGround;
			productName = SwiftUIPlayGround;
			productReference = 5257C27D27DC98C200701C47 /* SwiftUIPlayGround.app */;
			productType = "com.apple.product-type.application";
		};
		5257C28C27DC98C300701C47 /* SwiftUIPlayGroundTests */ = {
			isa = PBXNativeTarget;
			buildConfigurationList = 5257C2A427DC98C300701C47 /* Build configuration list for PBXNativeTarget "SwiftUIPlayGroundTests" */;
			buildPhases = (
				7AA48C8AED4C0FA1BF188FA3 /* [CP] Check Pods Manifest.lock */,
				5257C28927DC98C300701C47 /* Sources */,
				5257C28A27DC98C300701C47 /* Frameworks */,
				5257C28B27DC98C300701C47 /* Resources */,
			);
			buildRules = (
			);
			dependencies = (
				5257C28F27DC98C300701C47 /* PBXTargetDependency */,
			);
			name = SwiftUIPlayGroundTests;
			productName = SwiftUIPlayGroundTests;
			productReference = 5257C28D27DC98C300701C47 /* SwiftUIPlayGroundTests.xctest */;
			productType = "com.apple.product-type.bundle.unit-test";
		};
		5257C29627DC98C300701C47 /* SwiftUIPlayGroundUITests */ = {
			isa = PBXNativeTarget;
			buildConfigurationList = 5257C2A727DC98C300701C47 /* Build configuration list for PBXNativeTarget "SwiftUIPlayGroundUITests" */;
			buildPhases = (
				9D2270B3BEDE92D1A79FCA83 /* [CP] Check Pods Manifest.lock */,
				5257C29327DC98C300701C47 /* Sources */,
				5257C29427DC98C300701C47 /* Frameworks */,
				5257C29527DC98C300701C47 /* Resources */,
				6F6BE8E4F7E06EED73AAD745 /* [CP] Embed Pods Frameworks */,
			);
			buildRules = (
			);
			dependencies = (
				5257C29927DC98C300701C47 /* PBXTargetDependency */,
			);
			name = SwiftUIPlayGroundUITests;
			productName = SwiftUIPlayGroundUITests;
			productReference = 5257C29727DC98C300701C47 /* SwiftUIPlayGroundUITests.xctest */;
			productType = "com.apple.product-type.bundle.ui-testing";
		};
/* End PBXNativeTarget section */

/* Begin PBXProject section */
		5257C27527DC98C200701C47 /* Project object */ = {
			isa = PBXProject;
			attributes = {
				BuildIndependentTargetsInParallel = 1;
				LastSwiftUpdateCheck = 1310;
				LastUpgradeCheck = 1310;
				TargetAttributes = {
					5257C27C27DC98C200701C47 = {
						CreatedOnToolsVersion = 13.1;
					};
					5257C28C27DC98C300701C47 = {
						CreatedOnToolsVersion = 13.1;
						TestTargetID = 5257C27C27DC98C200701C47;
					};
					5257C29627DC98C300701C47 = {
						CreatedOnToolsVersion = 13.1;
						TestTargetID = 5257C27C27DC98C200701C47;
					};
				};
			};
			buildConfigurationList = 5257C27827DC98C200701C47 /* Build configuration list for PBXProject "SwiftUIPlayGround" */;
			compatibilityVersion = "Xcode 13.0";
			developmentRegion = en;
			hasScannedForEncodings = 0;
			knownRegions = (
				en,
				Base,
			);
			mainGroup = 5257C27427DC98C200701C47;
			productRefGroup = 5257C27E27DC98C200701C47 /* Products */;
			projectDirPath = "";
			projectRoot = "";
			targets = (
				5257C27C27DC98C200701C47 /* SwiftUIPlayGround */,
				5257C28C27DC98C300701C47 /* SwiftUIPlayGroundTests */,
				5257C29627DC98C300701C47 /* SwiftUIPlayGroundUITests */,
			);
		};
/* End PBXProject section */

/* Begin PBXResourcesBuildPhase section */
		5257C27B27DC98C200701C47 /* Resources */ = {
			isa = PBXResourcesBuildPhase;
			buildActionMask = 2147483647;
			files = (
				5257C28827DC98C300701C47 /* Preview Assets.xcassets in Resources */,
				5257C28527DC98C300701C47 /* Assets.xcassets in Resources */,
			);
			runOnlyForDeploymentPostprocessing = 0;
		};
		5257C28B27DC98C300701C47 /* Resources */ = {
			isa = PBXResourcesBuildPhase;
			buildActionMask = 2147483647;
			files = (
			);
			runOnlyForDeploymentPostprocessing = 0;
		};
		5257C29527DC98C300701C47 /* Resources */ = {
			isa = PBXResourcesBuildPhase;
			buildActionMask = 2147483647;
			files = (
			);
			runOnlyForDeploymentPostprocessing = 0;
		};
/* End PBXResourcesBuildPhase section */

/* Begin PBXShellScriptBuildPhase section */
		255EFBC3EC9675BBAC668DD9 /* [CP] Embed Pods Frameworks */ = {
			isa = PBXShellScriptBuildPhase;
			buildActionMask = 2147483647;
			files = (
			);
			inputFileListPaths = (
				"${PODS_ROOT}/Target Support Files/Pods-SwiftUIPlayGround/Pods-SwiftUIPlayGround-frameworks-${CONFIGURATION}-input-files.xcfilelist",
			);
			name = "[CP] Embed Pods Frameworks";
			outputFileListPaths = (
				"${PODS_ROOT}/Target Support Files/Pods-SwiftUIPlayGround/Pods-SwiftUIPlayGround-frameworks-${CONFIGURATION}-output-files.xcfilelist",
			);
			runOnlyForDeploymentPostprocessing = 0;
			shellPath = /bin/sh;
			shellScript = "\"${PODS_ROOT}/Target Support Files/Pods-SwiftUIPlayGround/Pods-SwiftUIPlayGround-frameworks.sh\"\n";
			showEnvVarsInLog = 0;
		};
		6F6BE8E4F7E06EED73AAD745 /* [CP] Embed Pods Frameworks */ = {
			isa = PBXShellScriptBuildPhase;
			buildActionMask = 2147483647;
			files = (
			);
			inputFileListPaths = (
				"${PODS_ROOT}/Target Support Files/Pods-SwiftUIPlayGround-SwiftUIPlayGroundUITests/Pods-SwiftUIPlayGround-SwiftUIPlayGroundUITests-frameworks-${CONFIGURATION}-input-files.xcfilelist",
			);
			name = "[CP] Embed Pods Frameworks";
			outputFileListPaths = (
				"${PODS_ROOT}/Target Support Files/Pods-SwiftUIPlayGround-SwiftUIPlayGroundUITests/Pods-SwiftUIPlayGround-SwiftUIPlayGroundUITests-frameworks-${CONFIGURATION}-output-files.xcfilelist",
			);
			runOnlyForDeploymentPostprocessing = 0;
			shellPath = /bin/sh;
			shellScript = "\"${PODS_ROOT}/Target Support Files/Pods-SwiftUIPlayGround-SwiftUIPlayGroundUITests/Pods-SwiftUIPlayGround-SwiftUIPlayGroundUITests-frameworks.sh\"\n";
			showEnvVarsInLog = 0;
		};
		7AA48C8AED4C0FA1BF188FA3 /* [CP] Check Pods Manifest.lock */ = {
			isa = PBXShellScriptBuildPhase;
			buildActionMask = 2147483647;
			files = (
			);
			inputFileListPaths = (
			);
			inputPaths = (
				"${PODS_PODFILE_DIR_PATH}/Podfile.lock",
				"${PODS_ROOT}/Manifest.lock",
			);
			name = "[CP] Check Pods Manifest.lock";
			outputFileListPaths = (
			);
			outputPaths = (
				"$(DERIVED_FILE_DIR)/Pods-SwiftUIPlayGroundTests-checkManifestLockResult.txt",
			);
			runOnlyForDeploymentPostprocessing = 0;
			shellPath = /bin/sh;
			shellScript = "diff \"${PODS_PODFILE_DIR_PATH}/Podfile.lock\" \"${PODS_ROOT}/Manifest.lock\" > /dev/null\nif [ $? != 0 ] ; then\n    # print error to STDERR\n    echo \"error: The sandbox is not in sync with the Podfile.lock. Run 'pod install' or update your CocoaPods installation.\" >&2\n    exit 1\nfi\n# This output is used by Xcode 'outputs' to avoid re-running this script phase.\necho \"SUCCESS\" > \"${SCRIPT_OUTPUT_FILE_0}\"\n";
			showEnvVarsInLog = 0;
		};
		9D2270B3BEDE92D1A79FCA83 /* [CP] Check Pods Manifest.lock */ = {
			isa = PBXShellScriptBuildPhase;
			buildActionMask = 2147483647;
			files = (
			);
			inputFileListPaths = (
			);
			inputPaths = (
				"${PODS_PODFILE_DIR_PATH}/Podfile.lock",
				"${PODS_ROOT}/Manifest.lock",
			);
			name = "[CP] Check Pods Manifest.lock";
			outputFileListPaths = (
			);
			outputPaths = (
				"$(DERIVED_FILE_DIR)/Pods-SwiftUIPlayGround-SwiftUIPlayGroundUITests-checkManifestLockResult.txt",
			);
			runOnlyForDeploymentPostprocessing = 0;
			shellPath = /bin/sh;
			shellScript = "diff \"${PODS_PODFILE_DIR_PATH}/Podfile.lock\" \"${PODS_ROOT}/Manifest.lock\" > /dev/null\nif [ $? != 0 ] ; then\n    # print error to STDERR\n    echo \"error: The sandbox is not in sync with the Podfile.lock. Run 'pod install' or update your CocoaPods installation.\" >&2\n    exit 1\nfi\n# This output is used by Xcode 'outputs' to avoid re-running this script phase.\necho \"SUCCESS\" > \"${SCRIPT_OUTPUT_FILE_0}\"\n";
			showEnvVarsInLog = 0;
		};
		F0AB5A922A9E54F2194292AE /* [CP] Check Pods Manifest.lock */ = {
			isa = PBXShellScriptBuildPhase;
			buildActionMask = 2147483647;
			files = (
			);
			inputFileListPaths = (
			);
			inputPaths = (
				"${PODS_PODFILE_DIR_PATH}/Podfile.lock",
				"${PODS_ROOT}/Manifest.lock",
			);
			name = "[CP] Check Pods Manifest.lock";
			outputFileListPaths = (
			);
			outputPaths = (
				"$(DERIVED_FILE_DIR)/Pods-SwiftUIPlayGround-checkManifestLockResult.txt",
			);
			runOnlyForDeploymentPostprocessing = 0;
			shellPath = /bin/sh;
			shellScript = "diff \"${PODS_PODFILE_DIR_PATH}/Podfile.lock\" \"${PODS_ROOT}/Manifest.lock\" > /dev/null\nif [ $? != 0 ] ; then\n    # print error to STDERR\n    echo \"error: The sandbox is not in sync with the Podfile.lock. Run 'pod install' or update your CocoaPods installation.\" >&2\n    exit 1\nfi\n# This output is used by Xcode 'outputs' to avoid re-running this script phase.\necho \"SUCCESS\" > \"${SCRIPT_OUTPUT_FILE_0}\"\n";
			showEnvVarsInLog = 0;
		};
/* End PBXShellScriptBuildPhase section */

/* Begin PBXSourcesBuildPhase section */
		5257C27927DC98C200701C47 /* Sources */ = {
			isa = PBXSourcesBuildPhase;
			buildActionMask = 2147483647;
			files = (
				5257C2AD27DDD55000701C47 /* TabPager.swift in Sources */,
				5257C28327DC98C200701C47 /* MainView.swift in Sources */,
				5257C28127DC98C200701C47 /* SwiftUIPlayGroundApp.swift in Sources */,
			);
			runOnlyForDeploymentPostprocessing = 0;
		};
		5257C28927DC98C300701C47 /* Sources */ = {
			isa = PBXSourcesBuildPhase;
			buildActionMask = 2147483647;
			files = (
				5257C29227DC98C300701C47 /* SwiftUIPlayGroundTests.swift in Sources */,
			);
			runOnlyForDeploymentPostprocessing = 0;
		};
		5257C29327DC98C300701C47 /* Sources */ = {
			isa = PBXSourcesBuildPhase;
			buildActionMask = 2147483647;
			files = (
				5257C29C27DC98C300701C47 /* SwiftUIPlayGroundUITests.swift in Sources */,
				5257C29E27DC98C300701C47 /* SwiftUIPlayGroundUITestsLaunchTests.swift in Sources */,
			);
			runOnlyForDeploymentPostprocessing = 0;
		};
/* End PBXSourcesBuildPhase section */

/* Begin PBXTargetDependency section */
		5257C28F27DC98C300701C47 /* PBXTargetDependency */ = {
			isa = PBXTargetDependency;
			target = 5257C27C27DC98C200701C47 /* SwiftUIPlayGround */;
			targetProxy = 5257C28E27DC98C300701C47 /* PBXContainerItemProxy */;
		};
		5257C29927DC98C300701C47 /* PBXTargetDependency */ = {
			isa = PBXTargetDependency;
			target = 5257C27C27DC98C200701C47 /* SwiftUIPlayGround */;
			targetProxy = 5257C29827DC98C300701C47 /* PBXContainerItemProxy */;
		};
/* End PBXTargetDependency section */

/* Begin XCBuildConfiguration section */
		5257C29F27DC98C300701C47 /* Debug */ = {
			isa = XCBuildConfiguration;
			buildSettings = {
				ALWAYS_SEARCH_USER_PATHS = NO;
				CLANG_ANALYZER_NONNULL = YES;
				CLANG_ANALYZER_NUMBER_OBJECT_CONVERSION = YES_AGGRESSIVE;
				CLANG_CXX_LANGUAGE_STANDARD = "gnu++17";
				CLANG_CXX_LIBRARY = "libc++";
				CLANG_ENABLE_MODULES = YES;
				CLANG_ENABLE_OBJC_ARC = YES;
				CLANG_ENABLE_OBJC_WEAK = YES;
				CLANG_WARN_BLOCK_CAPTURE_AUTORELEASING = YES;
				CLANG_WARN_BOOL_CONVERSION = YES;
				CLANG_WARN_COMMA = YES;
				CLANG_WARN_CONSTANT_CONVERSION = YES;
				CLANG_WARN_DEPRECATED_OBJC_IMPLEMENTATIONS = YES;
				CLANG_WARN_DIRECT_OBJC_ISA_USAGE = YES_ERROR;
				CLANG_WARN_DOCUMENTATION_COMMENTS = YES;
				CLANG_WARN_EMPTY_BODY = YES;
				CLANG_WARN_ENUM_CONVERSION = YES;
				CLANG_WARN_INFINITE_RECURSION = YES;
				CLANG_WARN_INT_CONVERSION = YES;
				CLANG_WARN_NON_LITERAL_NULL_CONVERSION = YES;
				CLANG_WARN_OBJC_IMPLICIT_RETAIN_SELF = YES;
				CLANG_WARN_OBJC_LITERAL_CONVERSION = YES;
				CLANG_WARN_OBJC_ROOT_CLASS = YES_ERROR;
				CLANG_WARN_QUOTED_INCLUDE_IN_FRAMEWORK_HEADER = YES;
				CLANG_WARN_RANGE_LOOP_ANALYSIS = YES;
				CLANG_WARN_STRICT_PROTOTYPES = YES;
				CLANG_WARN_SUSPICIOUS_MOVE = YES;
				CLANG_WARN_UNGUARDED_AVAILABILITY = YES_AGGRESSIVE;
				CLANG_WARN_UNREACHABLE_CODE = YES;
				CLANG_WARN__DUPLICATE_METHOD_MATCH = YES;
				COPY_PHASE_STRIP = NO;
				DEBUG_INFORMATION_FORMAT = dwarf;
				ENABLE_STRICT_OBJC_MSGSEND = YES;
				ENABLE_TESTABILITY = YES;
				GCC_C_LANGUAGE_STANDARD = gnu11;
				GCC_DYNAMIC_NO_PIC = NO;
				GCC_NO_COMMON_BLOCKS = YES;
				GCC_OPTIMIZATION_LEVEL = 0;
				GCC_PREPROCESSOR_DEFINITIONS = (
					"DEBUG=1",
					"$(inherited)",
				);
				GCC_WARN_64_TO_32_BIT_CONVERSION = YES;
				GCC_WARN_ABOUT_RETURN_TYPE = YES_ERROR;
				GCC_WARN_UNDECLARED_SELECTOR = YES;
				GCC_WARN_UNINITIALIZED_AUTOS = YES_AGGRESSIVE;
				GCC_WARN_UNUSED_FUNCTION = YES;
				GCC_WARN_UNUSED_VARIABLE = YES;
				IPHONEOS_DEPLOYMENT_TARGET = 15.0;
				MTL_ENABLE_DEBUG_INFO = INCLUDE_SOURCE;
				MTL_FAST_MATH = YES;
				ONLY_ACTIVE_ARCH = YES;
				SDKROOT = iphoneos;
				SWIFT_ACTIVE_COMPILATION_CONDITIONS = DEBUG;
				SWIFT_OPTIMIZATION_LEVEL = "-Onone";
			};
			name = Debug;
		};
		5257C2A027DC98C300701C47 /* Release */ = {
			isa = XCBuildConfiguration;
			buildSettings = {
				ALWAYS_SEARCH_USER_PATHS = NO;
				CLANG_ANALYZER_NONNULL = YES;
				CLANG_ANALYZER_NUMBER_OBJECT_CONVERSION = YES_AGGRESSIVE;
				CLANG_CXX_LANGUAGE_STANDARD = "gnu++17";
				CLANG_CXX_LIBRARY = "libc++";
				CLANG_ENABLE_MODULES = YES;
				CLANG_ENABLE_OBJC_ARC = YES;
				CLANG_ENABLE_OBJC_WEAK = YES;
				CLANG_WARN_BLOCK_CAPTURE_AUTORELEASING = YES;
				CLANG_WARN_BOOL_CONVERSION = YES;
				CLANG_WARN_COMMA = YES;
				CLANG_WARN_CONSTANT_CONVERSION = YES;
				CLANG_WARN_DEPRECATED_OBJC_IMPLEMENTATIONS = YES;
				CLANG_WARN_DIRECT_OBJC_ISA_USAGE = YES_ERROR;
				CLANG_WARN_DOCUMENTATION_COMMENTS = YES;
				CLANG_WARN_EMPTY_BODY = YES;
				CLANG_WARN_ENUM_CONVERSION = YES;
				CLANG_WARN_INFINITE_RECURSION = YES;
				CLANG_WARN_INT_CONVERSION = YES;
				CLANG_WARN_NON_LITERAL_NULL_CONVERSION = YES;
				CLANG_WARN_OBJC_IMPLICIT_RETAIN_SELF = YES;
				CLANG_WARN_OBJC_LITERAL_CONVERSION = YES;
				CLANG_WARN_OBJC_ROOT_CLASS = YES_ERROR;
				CLANG_WARN_QUOTED_INCLUDE_IN_FRAMEWORK_HEADER = YES;
				CLANG_WARN_RANGE_LOOP_ANALYSIS = YES;
				CLANG_WARN_STRICT_PROTOTYPES = YES;
				CLANG_WARN_SUSPICIOUS_MOVE = YES;
				CLANG_WARN_UNGUARDED_AVAILABILITY = YES_AGGRESSIVE;
				CLANG_WARN_UNREACHABLE_CODE = YES;
				CLANG_WARN__DUPLICATE_METHOD_MATCH = YES;
				COPY_PHASE_STRIP = NO;
				DEBUG_INFORMATION_FORMAT = "dwarf-with-dsym";
				ENABLE_NS_ASSERTIONS = NO;
				ENABLE_STRICT_OBJC_MSGSEND = YES;
				GCC_C_LANGUAGE_STANDARD = gnu11;
				GCC_NO_COMMON_BLOCKS = YES;
				GCC_WARN_64_TO_32_BIT_CONVERSION = YES;
				GCC_WARN_ABOUT_RETURN_TYPE = YES_ERROR;
				GCC_WARN_UNDECLARED_SELECTOR = YES;
				GCC_WARN_UNINITIALIZED_AUTOS = YES_AGGRESSIVE;
				GCC_WARN_UNUSED_FUNCTION = YES;
				GCC_WARN_UNUSED_VARIABLE = YES;
				IPHONEOS_DEPLOYMENT_TARGET = 15.0;
				MTL_ENABLE_DEBUG_INFO = NO;
				MTL_FAST_MATH = YES;
				SDKROOT = iphoneos;
				SWIFT_COMPILATION_MODE = wholemodule;
				SWIFT_OPTIMIZATION_LEVEL = "-O";
				VALIDATE_PRODUCT = YES;
			};
			name = Release;
		};
		5257C2A227DC98C300701C47 /* Debug */ = {
			isa = XCBuildConfiguration;
			baseConfigurationReference = 4F443ABEBC3D1F32A4413A1E /* Pods-SwiftUIPlayGround.debug.xcconfig */;
			buildSettings = {
				ASSETCATALOG_COMPILER_APPICON_NAME = AppIcon;
				ASSETCATALOG_COMPILER_GLOBAL_ACCENT_COLOR_NAME = AccentColor;
				CODE_SIGN_STYLE = Automatic;
				CURRENT_PROJECT_VERSION = 1;
				DEVELOPMENT_ASSET_PATHS = "\"SwiftUIPlayGround/Preview Content\"";
				ENABLE_PREVIEWS = YES;
				GENERATE_INFOPLIST_FILE = YES;
				INFOPLIST_KEY_UIApplicationSceneManifest_Generation = YES;
				INFOPLIST_KEY_UIApplicationSupportsIndirectInputEvents = YES;
				INFOPLIST_KEY_UILaunchScreen_Generation = YES;
				INFOPLIST_KEY_UISupportedInterfaceOrientations_iPad = "UIInterfaceOrientationPortrait UIInterfaceOrientationPortraitUpsideDown UIInterfaceOrientationLandscapeLeft UIInterfaceOrientationLandscapeRight";
				INFOPLIST_KEY_UISupportedInterfaceOrientations_iPhone = "UIInterfaceOrientationPortrait UIInterfaceOrientationLandscapeLeft UIInterfaceOrientationLandscapeRight";
				LD_RUNPATH_SEARCH_PATHS = (
					"$(inherited)",
					"@executable_path/Frameworks",
				);
				MARKETING_VERSION = 1.0;
				PRODUCT_BUNDLE_IDENTIFIER = NarumichiKubo.SwiftUIPlayGround;
				PRODUCT_NAME = "$(TARGET_NAME)";
				SWIFT_EMIT_LOC_STRINGS = YES;
				SWIFT_VERSION = 5.0;
				TARGETED_DEVICE_FAMILY = "1,2";
			};
			name = Debug;
		};
		5257C2A327DC98C300701C47 /* Release */ = {
			isa = XCBuildConfiguration;
			baseConfigurationReference = 9E3C94D65F574F1C104813B2 /* Pods-SwiftUIPlayGround.release.xcconfig */;
			buildSettings = {
				ASSETCATALOG_COMPILER_APPICON_NAME = AppIcon;
				ASSETCATALOG_COMPILER_GLOBAL_ACCENT_COLOR_NAME = AccentColor;
				CODE_SIGN_STYLE = Automatic;
				CURRENT_PROJECT_VERSION = 1;
				DEVELOPMENT_ASSET_PATHS = "\"SwiftUIPlayGround/Preview Content\"";
				ENABLE_PREVIEWS = YES;
				GENERATE_INFOPLIST_FILE = YES;
				INFOPLIST_KEY_UIApplicationSceneManifest_Generation = YES;
				INFOPLIST_KEY_UIApplicationSupportsIndirectInputEvents = YES;
				INFOPLIST_KEY_UILaunchScreen_Generation = YES;
				INFOPLIST_KEY_UISupportedInterfaceOrientations_iPad = "UIInterfaceOrientationPortrait UIInterfaceOrientationPortraitUpsideDown UIInterfaceOrientationLandscapeLeft UIInterfaceOrientationLandscapeRight";
				INFOPLIST_KEY_UISupportedInterfaceOrientations_iPhone = "UIInterfaceOrientationPortrait UIInterfaceOrientationLandscapeLeft UIInterfaceOrientationLandscapeRight";
				LD_RUNPATH_SEARCH_PATHS = (
					"$(inherited)",
					"@executable_path/Frameworks",
				);
				MARKETING_VERSION = 1.0;
				PRODUCT_BUNDLE_IDENTIFIER = NarumichiKubo.SwiftUIPlayGround;
				PRODUCT_NAME = "$(TARGET_NAME)";
				SWIFT_EMIT_LOC_STRINGS = YES;
				SWIFT_VERSION = 5.0;
				TARGETED_DEVICE_FAMILY = "1,2";
			};
			name = Release;
		};
		5257C2A527DC98C300701C47 /* Debug */ = {
			isa = XCBuildConfiguration;
			baseConfigurationReference = 02E61C0000B73013B33EF2F1 /* Pods-SwiftUIPlayGroundTests.debug.xcconfig */;
			buildSettings = {
				ALWAYS_EMBED_SWIFT_STANDARD_LIBRARIES = YES;
				BUNDLE_LOADER = "$(TEST_HOST)";
				CODE_SIGN_STYLE = Automatic;
				CURRENT_PROJECT_VERSION = 1;
				GENERATE_INFOPLIST_FILE = YES;
				IPHONEOS_DEPLOYMENT_TARGET = 15.0;
				LD_RUNPATH_SEARCH_PATHS = (
					"$(inherited)",
					"@executable_path/Frameworks",
					"@loader_path/Frameworks",
				);
				MARKETING_VERSION = 1.0;
				PRODUCT_BUNDLE_IDENTIFIER = NarumichiKubo.SwiftUIPlayGroundTests;
				PRODUCT_NAME = "$(TARGET_NAME)";
				SWIFT_EMIT_LOC_STRINGS = NO;
				SWIFT_VERSION = 5.0;
				TARGETED_DEVICE_FAMILY = "1,2";
				TEST_HOST = "$(BUILT_PRODUCTS_DIR)/SwiftUIPlayGround.app/SwiftUIPlayGround";
			};
			name = Debug;
		};
		5257C2A627DC98C300701C47 /* Release */ = {
			isa = XCBuildConfiguration;
			baseConfigurationReference = E0068C0534F6253E3E454C66 /* Pods-SwiftUIPlayGroundTests.release.xcconfig */;
			buildSettings = {
				ALWAYS_EMBED_SWIFT_STANDARD_LIBRARIES = YES;
				BUNDLE_LOADER = "$(TEST_HOST)";
				CODE_SIGN_STYLE = Automatic;
				CURRENT_PROJECT_VERSION = 1;
				GENERATE_INFOPLIST_FILE = YES;
				IPHONEOS_DEPLOYMENT_TARGET = 15.0;
				LD_RUNPATH_SEARCH_PATHS = (
					"$(inherited)",
					"@executable_path/Frameworks",
					"@loader_path/Frameworks",
				);
				MARKETING_VERSION = 1.0;
				PRODUCT_BUNDLE_IDENTIFIER = NarumichiKubo.SwiftUIPlayGroundTests;
				PRODUCT_NAME = "$(TARGET_NAME)";
				SWIFT_EMIT_LOC_STRINGS = NO;
				SWIFT_VERSION = 5.0;
				TARGETED_DEVICE_FAMILY = "1,2";
				TEST_HOST = "$(BUILT_PRODUCTS_DIR)/SwiftUIPlayGround.app/SwiftUIPlayGround";
			};
			name = Release;
		};
		5257C2A827DC98C300701C47 /* Debug */ = {
			isa = XCBuildConfiguration;
			baseConfigurationReference = 201F310ABAC1437CCB211B62 /* Pods-SwiftUIPlayGround-SwiftUIPlayGroundUITests.debug.xcconfig */;
			buildSettings = {
				ALWAYS_EMBED_SWIFT_STANDARD_LIBRARIES = YES;
				CODE_SIGN_STYLE = Automatic;
				CURRENT_PROJECT_VERSION = 1;
				GENERATE_INFOPLIST_FILE = YES;
				LD_RUNPATH_SEARCH_PATHS = (
					"$(inherited)",
					"@executable_path/Frameworks",
					"@loader_path/Frameworks",
				);
				MARKETING_VERSION = 1.0;
				PRODUCT_BUNDLE_IDENTIFIER = NarumichiKubo.SwiftUIPlayGroundUITests;
				PRODUCT_NAME = "$(TARGET_NAME)";
				SWIFT_EMIT_LOC_STRINGS = NO;
				SWIFT_VERSION = 5.0;
				TARGETED_DEVICE_FAMILY = "1,2";
				TEST_TARGET_NAME = SwiftUIPlayGround;
			};
			name = Debug;
		};
		5257C2A927DC98C300701C47 /* Release */ = {
			isa = XCBuildConfiguration;
			baseConfigurationReference = B07284674C9830D6D83EB1A2 /* Pods-SwiftUIPlayGround-SwiftUIPlayGroundUITests.release.xcconfig */;
			buildSettings = {
				ALWAYS_EMBED_SWIFT_STANDARD_LIBRARIES = YES;
				CODE_SIGN_STYLE = Automatic;
				CURRENT_PROJECT_VERSION = 1;
				GENERATE_INFOPLIST_FILE = YES;
				LD_RUNPATH_SEARCH_PATHS = (
					"$(inherited)",
					"@executable_path/Frameworks",
					"@loader_path/Frameworks",
				);
				MARKETING_VERSION = 1.0;
				PRODUCT_BUNDLE_IDENTIFIER = NarumichiKubo.SwiftUIPlayGroundUITests;
				PRODUCT_NAME = "$(TARGET_NAME)";
				SWIFT_EMIT_LOC_STRINGS = NO;
				SWIFT_VERSION = 5.0;
				TARGETED_DEVICE_FAMILY = "1,2";
				TEST_TARGET_NAME = SwiftUIPlayGround;
			};
			name = Release;
		};
/* End XCBuildConfiguration section */

/* Begin XCConfigurationList section */
		5257C27827DC98C200701C47 /* Build configuration list for PBXProject "SwiftUIPlayGround" */ = {
			isa = XCConfigurationList;
			buildConfigurations = (
				5257C29F27DC98C300701C47 /* Debug */,
				5257C2A027DC98C300701C47 /* Release */,
			);
			defaultConfigurationIsVisible = 0;
			defaultConfigurationName = Release;
		};
		5257C2A127DC98C300701C47 /* Build configuration list for PBXNativeTarget "SwiftUIPlayGround" */ = {
			isa = XCConfigurationList;
			buildConfigurations = (
				5257C2A227DC98C300701C47 /* Debug */,
				5257C2A327DC98C300701C47 /* Release */,
			);
			defaultConfigurationIsVisible = 0;
			defaultConfigurationName = Release;
		};
		5257C2A427DC98C300701C47 /* Build configuration list for PBXNativeTarget "SwiftUIPlayGroundTests" */ = {
			isa = XCConfigurationList;
			buildConfigurations = (
				5257C2A527DC98C300701C47 /* Debug */,
				5257C2A627DC98C300701C47 /* Release */,
			);
			defaultConfigurationIsVisible = 0;
			defaultConfigurationName = Release;
		};
		5257C2A727DC98C300701C47 /* Build configuration list for PBXNativeTarget "SwiftUIPlayGroundUITests" */ = {
			isa = XCConfigurationList;
			buildConfigurations = (
				5257C2A827DC98C300701C47 /* Debug */,
				5257C2A927DC98C300701C47 /* Release */,
			);
			defaultConfigurationIsVisible = 0;
			defaultConfigurationName = Release;
		};
/* End XCConfigurationList section */
	};
	rootObject = 5257C27527DC98C200701C47 /* Project object */;
}
